PODS:
  - Flutter (1.0.0)
  - flutter_privacy_screen (0.0.1):
    - Flutter

DEPENDENCIES:
  - Flutter (from `.symlinks/flutter/ios`)
  - flutter_privacy_screen (from `.symlinks/plugins/flutter_privacy_screen/ios`)

EXTERNAL SOURCES:
  Flutter:
    :path: ".symlinks/flutter/ios"
  flutter_privacy_screen:
    :path: ".symlinks/plugins/flutter_privacy_screen/ios"

SPEC CHECKSUMS:
  Flutter: 0e3d915762c693b495b44d77113d4970485de6ec
  flutter_privacy_screen: 60e2b67bb00f0bba6ccfbdf8c5ad353ef928fb68

PODFILE CHECKSUM: b6a0a141693093b304368d08511b46cf3d1d0ac5

COCOAPODS: 1.7.4
